
Microsoft Visual Studio Solution File, Format Version 12.00
# Visual Studio Version 17
VisualStudioVersion = 17.10.35201.131
MinimumVisualStudioVersion = 10.0.40219.1
Project("{2150E333-8FDC-42A3-9474-1A3956D46DE8}") = "Elementos de la solución", "Elementos de la solución", "{1080F08A-7C7E-4828-9119-C5BA499DE264}"
EndProject
Project("{FAE04EC0-301F-11D3-BF4B-00C04F79EFBC}") = "Tarea2", "..\Tarea2\Tarea2.csproj", "{CC1D8A03-DB48-42D8-B5F6-7787DBA45D25}"
EndProject
Global
	GlobalSection(SolutionConfigurationPlatforms) = preSolution
		Debug|Any CPU = Debug|Any CPU
		Release|Any CPU = Release|Any CPU
	EndGlobalSection
	GlobalSection(ProjectConfigurationPlatforms) = postSolution
		{CC1D8A03-DB48-42D8-B5F6-7787DBA45D25}.Debug|Any CPU.ActiveCfg = Debug|Any CPU
		{CC1D8A03-DB48-42D8-B5F6-7787DBA45D25}.Debug|Any CPU.Build.0 = Debug|Any CPU
		{CC1D8A03-DB48-42D8-B5F6-7787DBA45D25}.Release|Any CPU.ActiveCfg = Release|Any CPU
		{CC1D8A03-DB48-42D8-B5F6-7787DBA45D25}.Release|Any CPU.Build.0 = Release|Any CPU
	EndGlobalSection
	GlobalSection(SolutionProperties) = preSolution
		HideSolutionNode = FALSE
	EndGlobalSection
	GlobalSection(ExtensibilityGlobals) = postSolution
		SolutionGuid = {D23B9832-989F-45BB-8C23-DF599FC4518D}
	EndGlobalSection
EndGlobal
